{
  "version": 4,
  "terraform_version": "0.14.7",
  "serial": 104,
  "lineage": "bf8cb184-4715-9562-df9c-435d569a5e6a",
  "outputs": {
    "instance_private_ip": {
      "value": "172.16.1.27",
      "type": "string"
    },
    "instance_public_ip": {
      "value": "13.229.205.172",
      "type": "string"
    },
    "nat_gateway_ip": {
      "value": "13.213.117.76",
      "type": "string"
    }
  },
  "resources": [
    {
      "mode": "data",
      "type": "aws_availability_zones",
      "name": "available",
      "provider": "provider[\"registry.terraform.io/hashicorp/aws\"]",
      "instances": [
        {
          "schema_version": 0,
          "attributes": {
            "all_availability_zones": null,
            "exclude_names": null,
            "exclude_zone_ids": null,
            "filter": null,
            "group_names": [
              "ap-southeast-1"
            ],
            "id": "ap-southeast-1",
            "names": [
              "ap-southeast-1a",
              "ap-southeast-1b",
              "ap-southeast-1c"
            ],
            "state": "available",
            "zone_ids": [
              "apse1-az1",
              "apse1-az2",
              "apse1-az3"
            ]
          },
          "sensitive_attributes": []
        }
      ]
    },
    {
      "mode": "managed",
      "type": "aws_eip",
      "name": "nat_gateway",
      "provider": "provider[\"registry.terraform.io/hashicorp/aws\"]",
      "instances": [
        {
          "schema_version": 0,
          "attributes": {
            "address": null,
            "allocation_id": null,
            "associate_with_private_ip": null,
            "association_id": "",
            "carrier_ip": "",
            "customer_owned_ip": "",
            "customer_owned_ipv4_pool": "",
            "domain": "vpc",
            "id": "eipalloc-0abb8bae12b0e3f5f",
            "instance": "",
            "network_border_group": "ap-southeast-1",
            "network_interface": "",
            "private_dns": null,
            "private_ip": "",
            "public_dns": "ec2-13-213-117-76.ap-southeast-1.compute.amazonaws.com",
            "public_ip": "13.213.117.76",
            "public_ipv4_pool": "amazon",
            "tags": null,
            "tags_all": {},
            "timeouts": null,
            "vpc": true
          },
          "sensitive_attributes": [],
          "private": "eyJlMmJmYjczMC1lY2FhLTExZTYtOGY4OC0zNDM2M2JjN2M0YzAiOnsiZGVsZXRlIjoxODAwMDAwMDAwMDAsInJlYWQiOjkwMDAwMDAwMDAwMCwidXBkYXRlIjozMDAwMDAwMDAwMDB9fQ=="
        }
      ]
    },
    {
      "mode": "managed",
      "type": "aws_instance",
      "name": "jenkins",
      "provider": "provider[\"registry.terraform.io/hashicorp/aws\"]",
      "instances": [
        {
          "schema_version": 1,
          "attributes": {
            "ami": "ami-0d058fe428540cd89",
            "arn": "arn:aws:ec2:ap-southeast-1:506635010612:instance/i-0f1d271ca79ac8778",
            "associate_public_ip_address": true,
            "availability_zone": "ap-southeast-1a",
            "capacity_reservation_specification": [
              {
                "capacity_reservation_preference": "open",
                "capacity_reservation_target": []
              }
            ],
            "cpu_core_count": 2,
            "cpu_threads_per_core": 1,
            "credit_specification": [
              {
                "cpu_credits": "standard"
              }
            ],
            "disable_api_termination": false,
            "ebs_block_device": [],
            "ebs_optimized": false,
            "enclave_options": [
              {
                "enabled": false
              }
            ],
            "ephemeral_block_device": [],
            "get_password_data": false,
            "hibernation": false,
            "host_id": null,
            "iam_instance_profile": "",
            "id": "i-0f1d271ca79ac8778",
            "instance_initiated_shutdown_behavior": "stop",
            "instance_state": "running",
            "instance_type": "t2.medium",
            "ipv6_address_count": 0,
            "ipv6_addresses": [],
            "key_name": "DevTrain",
            "metadata_options": [
              {
                "http_endpoint": "enabled",
                "http_put_response_hop_limit": 1,
                "http_tokens": "optional"
              }
            ],
            "monitoring": false,
            "network_interface": [],
            "outpost_arn": "",
            "password_data": "",
            "placement_group": "",
            "primary_network_interface_id": "eni-0feab923f618e31ad",
            "private_dns": "ip-172-16-0-43.ap-southeast-1.compute.internal",
            "private_ip": "172.16.0.43",
            "public_dns": "ec2-13-229-205-172.ap-southeast-1.compute.amazonaws.com",
            "public_ip": "13.229.205.172",
            "root_block_device": [
              {
                "delete_on_termination": true,
                "device_name": "/dev/sda1",
                "encrypted": false,
                "iops": 100,
                "kms_key_id": "",
                "tags": {},
                "throughput": 0,
                "volume_id": "vol-0a4997ab074924885",
                "volume_size": 8,
                "volume_type": "gp2"
              }
            ],
            "secondary_private_ips": [],
            "security_groups": [],
            "source_dest_check": false,
            "subnet_id": "subnet-0718f1f8d9d155267",
            "tags": {
              "Name": "JenkinsServer"
            },
            "tags_all": {
              "Name": "JenkinsServer"
            },
            "tenancy": "default",
            "timeouts": null,
            "user_data": "cebb95a1a6ff6e7dea50111836ecdbbc60c8b631",
            "user_data_base64": null,
            "volume_tags": null,
            "vpc_security_group_ids": [
              "sg-069c9b3636969df4a"
            ]
          },
          "sensitive_attributes": [],
          "private": "eyJlMmJmYjczMC1lY2FhLTExZTYtOGY4OC0zNDM2M2JjN2M0YzAiOnsiY3JlYXRlIjo2MDAwMDAwMDAwMDAsImRlbGV0ZSI6MTIwMDAwMDAwMDAwMCwidXBkYXRlIjo2MDAwMDAwMDAwMDB9LCJzY2hlbWFfdmVyc2lvbiI6IjEifQ==",
          "dependencies": [
            "aws_key_pair.ubuntu",
            "aws_security_group.jenkinsSG",
            "aws_subnet.ap-southeast-1a-public",
            "aws_vpc.default"
          ]
        }
      ]
    },
    {
      "mode": "managed",
      "type": "aws_instance",
      "name": "kube",
      "provider": "provider[\"registry.terraform.io/hashicorp/aws\"]",
      "instances": [
        {
          "schema_version": 1,
          "attributes": {
            "ami": "ami-0d058fe428540cd89",
            "arn": "arn:aws:ec2:ap-southeast-1:506635010612:instance/i-0edfed5fff7ebc093",
            "associate_public_ip_address": false,
            "availability_zone": "ap-southeast-1a",
            "capacity_reservation_specification": [
              {
                "capacity_reservation_preference": "open",
                "capacity_reservation_target": []
              }
            ],
            "cpu_core_count": 2,
            "cpu_threads_per_core": 1,
            "credit_specification": [
              {
                "cpu_credits": "standard"
              }
            ],
            "disable_api_termination": false,
            "ebs_block_device": [],
            "ebs_optimized": false,
            "enclave_options": [
              {
                "enabled": false
              }
            ],
            "ephemeral_block_device": [],
            "get_password_data": false,
            "hibernation": false,
            "host_id": null,
            "iam_instance_profile": "",
            "id": "i-0edfed5fff7ebc093",
            "instance_initiated_shutdown_behavior": "stop",
            "instance_state": "running",
            "instance_type": "t2.medium",
            "ipv6_address_count": 0,
            "ipv6_addresses": [],
            "key_name": "DevTrain",
            "metadata_options": [
              {
                "http_endpoint": "enabled",
                "http_put_response_hop_limit": 1,
                "http_tokens": "optional"
              }
            ],
            "monitoring": false,
            "network_interface": [],
            "outpost_arn": "",
            "password_data": "",
            "placement_group": "",
            "primary_network_interface_id": "eni-069f228d69f1ee2a2",
            "private_dns": "ip-172-16-1-27.ap-southeast-1.compute.internal",
            "private_ip": "172.16.1.27",
            "public_dns": "",
            "public_ip": "",
            "root_block_device": [
              {
                "delete_on_termination": true,
                "device_name": "/dev/sda1",
                "encrypted": false,
                "iops": 150,
                "kms_key_id": "",
                "tags": null,
                "throughput": 0,
                "volume_id": "vol-0db7cd978c3290ced",
                "volume_size": 50,
                "volume_type": "gp2"
              }
            ],
            "secondary_private_ips": [],
            "security_groups": [],
            "source_dest_check": false,
            "subnet_id": "subnet-01ea8e07d6a3ece2d",
            "tags": {
              "Name": "KubeServer"
            },
            "tags_all": {
              "Name": "KubeServer"
            },
            "tenancy": "default",
            "timeouts": null,
            "user_data": "d571a8f00d3daad3a7d17f531308106f669d4854",
            "user_data_base64": null,
            "volume_tags": null,
            "vpc_security_group_ids": [
              "sg-0a0a3a415ecdfe906"
            ]
          },
          "sensitive_attributes": [],
          "private": "eyJlMmJmYjczMC1lY2FhLTExZTYtOGY4OC0zNDM2M2JjN2M0YzAiOnsiY3JlYXRlIjo2MDAwMDAwMDAwMDAsImRlbGV0ZSI6MTIwMDAwMDAwMDAwMCwidXBkYXRlIjo2MDAwMDAwMDAwMDB9LCJzY2hlbWFfdmVyc2lvbiI6IjEifQ==",
          "dependencies": [
            "aws_key_pair.ubuntu",
            "aws_security_group.kubevpc",
            "aws_subnet.ap-southeast-1a-private",
            "aws_vpc.default"
          ]
        }
      ]
    },
    {
      "mode": "managed",
      "type": "aws_internet_gateway",
      "name": "my_vpc_igw",
      "provider": "provider[\"registry.terraform.io/hashicorp/aws\"]",
      "instances": [
        {
          "schema_version": 0,
          "attributes": {
            "arn": "arn:aws:ec2:ap-southeast-1:506635010612:internet-gateway/igw-08d310b8c62d24f37",
            "id": "igw-08d310b8c62d24f37",
            "owner_id": "506635010612",
            "tags": {
              "Name": "InternetGateway"
            },
            "tags_all": {
              "Name": "InternetGateway"
            },
            "vpc_id": "vpc-0b4b7911ab1441b71"
          },
          "sensitive_attributes": [],
          "private": "bnVsbA==",
          "dependencies": [
            "aws_vpc.default"
          ]
        }
      ]
    },
    {
      "mode": "managed",
      "type": "aws_key_pair",
      "name": "ubuntu",
      "provider": "provider[\"registry.terraform.io/hashicorp/aws\"]",
      "instances": [
        {
          "schema_version": 1,
          "attributes": {
            "arn": "arn:aws:ec2:ap-southeast-1:506635010612:key-pair/DevTrain",
            "fingerprint": "7f:fc:59:52:05:fd:f4:b5:a8:77:b6:68:68:1f:86:03",
            "id": "DevTrain",
            "key_name": "DevTrain",
            "key_name_prefix": null,
            "key_pair_id": "key-08156768a60e44e43",
            "public_key": "---- BEGIN SSH2 PUBLIC KEY ----\r\nComment: \"imported-openssh-key\"\r\nAAAAB3NzaC1yc2EAAAADAQABAAABAQCAhm4xEJaljfem6diXO1wRMjyuh0tXM26i\r\nf7umEFk/FwF0huh3yq69Sjtu0QLH1zQGzxgHZ6TNX7IJ5iVTq7t+eipA4oPFU7wr\r\nHQYvdV49yp4HuWVjg4t6YPnu5Efcbw40ZY/SyS48SIKI9EFELj0YtX60dyRPDE7G\r\nVFHHLsh+UxRQ+4JaEDhMaSK97pb39NBdGPERShvnazHrrm2ivIPWrCJmdypFu+Ma\r\nZvm3HSRooRoiQtptoj+WjvisM0KJHHqrGHXaLYRTMkGEZGcs+UjwN596ELRTsZRZ\r\nTZ07wm8HrKYh3hhN/UtOxeeBBYvO6jqvMk+JrNNuouk74fTqEILv\r\n---- END SSH2 PUBLIC KEY ----",
            "tags": null,
            "tags_all": {}
          },
          "sensitive_attributes": [],
          "private": "eyJzY2hlbWFfdmVyc2lvbiI6IjEifQ=="
        }
      ]
    },
    {
      "mode": "managed",
      "type": "aws_nat_gateway",
      "name": "nat_gateway",
      "provider": "provider[\"registry.terraform.io/hashicorp/aws\"]",
      "instances": [
        {
          "schema_version": 0,
          "attributes": {
            "allocation_id": "eipalloc-0abb8bae12b0e3f5f",
            "id": "nat-0c9bc18a069a58bca",
            "network_interface_id": "eni-00f9fb671404b5d35",
            "private_ip": "172.16.0.231",
            "public_ip": "13.213.117.76",
            "subnet_id": "subnet-0718f1f8d9d155267",
            "tags": {
              "Name": "NatGateway"
            },
            "tags_all": {
              "Name": "NatGateway"
            }
          },
          "sensitive_attributes": [],
          "private": "bnVsbA==",
          "dependencies": [
            "aws_eip.nat_gateway",
            "aws_subnet.ap-southeast-1a-public",
            "aws_vpc.default"
          ]
        }
      ]
    },
    {
      "mode": "managed",
      "type": "aws_route_table",
      "name": "my_vpc_ap_southeast_1a_private",
      "provider": "provider[\"registry.terraform.io/hashicorp/aws\"]",
      "instances": [
        {
          "schema_version": 0,
          "attributes": {
            "arn": "arn:aws:ec2:ap-southeast-1:506635010612:route-table/rtb-019ac7383f9e2ed68",
            "id": "rtb-019ac7383f9e2ed68",
            "owner_id": "506635010612",
            "propagating_vgws": [],
            "route": [
              {
                "carrier_gateway_id": "",
                "cidr_block": "0.0.0.0/0",
                "destination_prefix_list_id": "",
                "egress_only_gateway_id": "",
                "gateway_id": "",
                "instance_id": "",
                "ipv6_cidr_block": "",
                "local_gateway_id": "",
                "nat_gateway_id": "nat-0c9bc18a069a58bca",
                "network_interface_id": "",
                "transit_gateway_id": "",
                "vpc_endpoint_id": "",
                "vpc_peering_connection_id": ""
              }
            ],
            "tags": null,
            "tags_all": {},
            "vpc_id": "vpc-0b4b7911ab1441b71"
          },
          "sensitive_attributes": [],
          "private": "bnVsbA==",
          "dependencies": [
            "aws_eip.nat_gateway",
            "aws_nat_gateway.nat_gateway",
            "aws_subnet.ap-southeast-1a-public",
            "aws_vpc.default"
          ]
        }
      ]
    },
    {
      "mode": "managed",
      "type": "aws_route_table",
      "name": "my_vpc_ap_southeast_1a_public",
      "provider": "provider[\"registry.terraform.io/hashicorp/aws\"]",
      "instances": [
        {
          "schema_version": 0,
          "attributes": {
            "arn": "arn:aws:ec2:ap-southeast-1:506635010612:route-table/rtb-09cf269a523b75bab",
            "id": "rtb-09cf269a523b75bab",
            "owner_id": "506635010612",
            "propagating_vgws": [],
            "route": [
              {
                "carrier_gateway_id": "",
                "cidr_block": "0.0.0.0/0",
                "destination_prefix_list_id": "",
                "egress_only_gateway_id": "",
                "gateway_id": "igw-08d310b8c62d24f37",
                "instance_id": "",
                "ipv6_cidr_block": "",
                "local_gateway_id": "",
                "nat_gateway_id": "",
                "network_interface_id": "",
                "transit_gateway_id": "",
                "vpc_endpoint_id": "",
                "vpc_peering_connection_id": ""
              }
            ],
            "tags": {
              "Name": "Public Subnet Route Table."
            },
            "tags_all": {
              "Name": "Public Subnet Route Table."
            },
            "vpc_id": "vpc-0b4b7911ab1441b71"
          },
          "sensitive_attributes": [],
          "private": "bnVsbA==",
          "dependencies": [
            "aws_internet_gateway.my_vpc_igw",
            "aws_vpc.default"
          ]
        }
      ]
    },
    {
      "mode": "managed",
      "type": "aws_route_table_association",
      "name": "instance",
      "provider": "provider[\"registry.terraform.io/hashicorp/aws\"]",
      "instances": [
        {
          "schema_version": 0,
          "attributes": {
            "gateway_id": null,
            "id": "rtbassoc-07f4f178b99e65c15",
            "route_table_id": "rtb-019ac7383f9e2ed68",
            "subnet_id": "subnet-01ea8e07d6a3ece2d"
          },
          "sensitive_attributes": [],
          "private": "bnVsbA==",
          "dependencies": [
            "aws_eip.nat_gateway",
            "aws_nat_gateway.nat_gateway",
            "aws_route_table.my_vpc_ap_southeast_1a_private",
            "aws_subnet.ap-southeast-1a-private",
            "aws_subnet.ap-southeast-1a-public",
            "aws_vpc.default"
          ]
        }
      ]
    },
    {
      "mode": "managed",
      "type": "aws_route_table_association",
      "name": "my_vpc_ap_southeast_1a_public",
      "provider": "provider[\"registry.terraform.io/hashicorp/aws\"]",
      "instances": [
        {
          "schema_version": 0,
          "attributes": {
            "gateway_id": null,
            "id": "rtbassoc-01f407d19e41baccc",
            "route_table_id": "rtb-09cf269a523b75bab",
            "subnet_id": "subnet-0718f1f8d9d155267"
          },
          "sensitive_attributes": [],
          "private": "bnVsbA==",
          "dependencies": [
            "aws_internet_gateway.my_vpc_igw",
            "aws_route_table.my_vpc_ap_southeast_1a_public",
            "aws_subnet.ap-southeast-1a-public",
            "aws_vpc.default"
          ]
        }
      ]
    },
    {
      "mode": "managed",
      "type": "aws_security_group",
      "name": "jenkinsSG",
      "provider": "provider[\"registry.terraform.io/hashicorp/aws\"]",
      "instances": [
        {
          "schema_version": 1,
          "attributes": {
            "arn": "arn:aws:ec2:ap-southeast-1:506635010612:security-group/sg-069c9b3636969df4a",
            "description": "Allow incoming HTTP connections.",
            "egress": [
              {
                "cidr_blocks": [
                  "0.0.0.0/0"
                ],
                "description": "",
                "from_port": 0,
                "ipv6_cidr_blocks": [
                  "::/0"
                ],
                "prefix_list_ids": [],
                "protocol": "-1",
                "security_groups": [],
                "self": false,
                "to_port": 0
              }
            ],
            "id": "sg-069c9b3636969df4a",
            "ingress": [
              {
                "cidr_blocks": [
                  "0.0.0.0/0"
                ],
                "description": "",
                "from_port": -1,
                "ipv6_cidr_blocks": [],
                "prefix_list_ids": [],
                "protocol": "icmp",
                "security_groups": [],
                "self": false,
                "to_port": -1
              },
              {
                "cidr_blocks": [
                  "0.0.0.0/0"
                ],
                "description": "",
                "from_port": 22,
                "ipv6_cidr_blocks": [],
                "prefix_list_ids": [],
                "protocol": "tcp",
                "security_groups": [],
                "self": false,
                "to_port": 22
              },
              {
                "cidr_blocks": [
                  "0.0.0.0/0"
                ],
                "description": "",
                "from_port": 8080,
                "ipv6_cidr_blocks": [],
                "prefix_list_ids": [],
                "protocol": "tcp",
                "security_groups": [],
                "self": false,
                "to_port": 8080
              }
            ],
            "name": "vpc_jenkins",
            "name_prefix": "",
            "owner_id": "506635010612",
            "revoke_rules_on_delete": false,
            "tags": {
              "Name": "JenkinsSG"
            },
            "tags_all": {
              "Name": "JenkinsSG"
            },
            "timeouts": null,
            "vpc_id": "vpc-0b4b7911ab1441b71"
          },
          "sensitive_attributes": [],
          "private": "eyJlMmJmYjczMC1lY2FhLTExZTYtOGY4OC0zNDM2M2JjN2M0YzAiOnsiY3JlYXRlIjo2MDAwMDAwMDAwMDAsImRlbGV0ZSI6OTAwMDAwMDAwMDAwfSwic2NoZW1hX3ZlcnNpb24iOiIxIn0=",
          "dependencies": [
            "aws_vpc.default"
          ]
        }
      ]
    },
    {
      "mode": "managed",
      "type": "aws_security_group",
      "name": "kubevpc",
      "provider": "provider[\"registry.terraform.io/hashicorp/aws\"]",
      "instances": [
        {
          "schema_version": 1,
          "attributes": {
            "arn": "arn:aws:ec2:ap-southeast-1:506635010612:security-group/sg-0a0a3a415ecdfe906",
            "description": "Allow incoming database connections.",
            "egress": [
              {
                "cidr_blocks": [
                  "0.0.0.0/0"
                ],
                "description": "",
                "from_port": 0,
                "ipv6_cidr_blocks": [
                  "::/0"
                ],
                "prefix_list_ids": [],
                "protocol": "-1",
                "security_groups": [],
                "self": false,
                "to_port": 0
              }
            ],
            "id": "sg-0a0a3a415ecdfe906",
            "ingress": [
              {
                "cidr_blocks": [
                  "0.0.0.0/0"
                ],
                "description": "",
                "from_port": 8080,
                "ipv6_cidr_blocks": [],
                "prefix_list_ids": [],
                "protocol": "tcp",
                "security_groups": [],
                "self": false,
                "to_port": 8080
              },
              {
                "cidr_blocks": [
                  "0.0.0.0/0"
                ],
                "description": "",
                "from_port": 80,
                "ipv6_cidr_blocks": [],
                "prefix_list_ids": [],
                "protocol": "tcp",
                "security_groups": [],
                "self": false,
                "to_port": 80
              },
              {
                "cidr_blocks": [
                  "172.16.0.0/16"
                ],
                "description": "",
                "from_port": -1,
                "ipv6_cidr_blocks": [],
                "prefix_list_ids": [],
                "protocol": "icmp",
                "security_groups": [],
                "self": false,
                "to_port": -1
              },
              {
                "cidr_blocks": [
                  "172.16.0.0/16"
                ],
                "description": "",
                "from_port": 22,
                "ipv6_cidr_blocks": [],
                "prefix_list_ids": [],
                "protocol": "tcp",
                "security_groups": [],
                "self": false,
                "to_port": 22
              },
              {
                "cidr_blocks": [
                  "172.16.0.0/16"
                ],
                "description": "",
                "from_port": 30000,
                "ipv6_cidr_blocks": [],
                "prefix_list_ids": [],
                "protocol": "tcp",
                "security_groups": [],
                "self": false,
                "to_port": 32767
              }
            ],
            "name": "vpc_kube",
            "name_prefix": "",
            "owner_id": "506635010612",
            "revoke_rules_on_delete": false,
            "tags": {
              "Name": "KubeSG"
            },
            "tags_all": {
              "Name": "KubeSG"
            },
            "timeouts": null,
            "vpc_id": "vpc-0b4b7911ab1441b71"
          },
          "sensitive_attributes": [],
          "private": "eyJlMmJmYjczMC1lY2FhLTExZTYtOGY4OC0zNDM2M2JjN2M0YzAiOnsiY3JlYXRlIjo2MDAwMDAwMDAwMDAsImRlbGV0ZSI6OTAwMDAwMDAwMDAwfSwic2NoZW1hX3ZlcnNpb24iOiIxIn0=",
          "dependencies": [
            "aws_vpc.default"
          ]
        }
      ]
    },
    {
      "mode": "managed",
      "type": "aws_subnet",
      "name": "ap-southeast-1a-private",
      "provider": "provider[\"registry.terraform.io/hashicorp/aws\"]",
      "instances": [
        {
          "schema_version": 1,
          "attributes": {
            "arn": "arn:aws:ec2:ap-southeast-1:506635010612:subnet/subnet-01ea8e07d6a3ece2d",
            "assign_ipv6_address_on_creation": false,
            "availability_zone": "ap-southeast-1a",
            "availability_zone_id": "apse1-az1",
            "cidr_block": "172.16.1.0/24",
            "customer_owned_ipv4_pool": "",
            "id": "subnet-01ea8e07d6a3ece2d",
            "ipv6_cidr_block": "",
            "ipv6_cidr_block_association_id": "",
            "map_customer_owned_ip_on_launch": false,
            "map_public_ip_on_launch": false,
            "outpost_arn": "",
            "owner_id": "506635010612",
            "tags": {
              "Name": "Private Subnet"
            },
            "tags_all": {
              "Name": "Private Subnet"
            },
            "timeouts": null,
            "vpc_id": "vpc-0b4b7911ab1441b71"
          },
          "sensitive_attributes": [],
          "private": "eyJlMmJmYjczMC1lY2FhLTExZTYtOGY4OC0zNDM2M2JjN2M0YzAiOnsiY3JlYXRlIjo2MDAwMDAwMDAwMDAsImRlbGV0ZSI6MTIwMDAwMDAwMDAwMH0sInNjaGVtYV92ZXJzaW9uIjoiMSJ9",
          "dependencies": [
            "aws_vpc.default"
          ]
        }
      ]
    },
    {
      "mode": "managed",
      "type": "aws_subnet",
      "name": "ap-southeast-1a-public",
      "provider": "provider[\"registry.terraform.io/hashicorp/aws\"]",
      "instances": [
        {
          "schema_version": 1,
          "attributes": {
            "arn": "arn:aws:ec2:ap-southeast-1:506635010612:subnet/subnet-0718f1f8d9d155267",
            "assign_ipv6_address_on_creation": false,
            "availability_zone": "ap-southeast-1a",
            "availability_zone_id": "apse1-az1",
            "cidr_block": "172.16.0.0/24",
            "customer_owned_ipv4_pool": "",
            "id": "subnet-0718f1f8d9d155267",
            "ipv6_cidr_block": "",
            "ipv6_cidr_block_association_id": "",
            "map_customer_owned_ip_on_launch": false,
            "map_public_ip_on_launch": false,
            "outpost_arn": "",
            "owner_id": "506635010612",
            "tags": {
              "Name": "Public Subnet"
            },
            "tags_all": {
              "Name": "Public Subnet"
            },
            "timeouts": null,
            "vpc_id": "vpc-0b4b7911ab1441b71"
          },
          "sensitive_attributes": [],
          "private": "eyJlMmJmYjczMC1lY2FhLTExZTYtOGY4OC0zNDM2M2JjN2M0YzAiOnsiY3JlYXRlIjo2MDAwMDAwMDAwMDAsImRlbGV0ZSI6MTIwMDAwMDAwMDAwMH0sInNjaGVtYV92ZXJzaW9uIjoiMSJ9",
          "dependencies": [
            "aws_vpc.default"
          ]
        }
      ]
    },
    {
      "mode": "managed",
      "type": "aws_vpc",
      "name": "default",
      "provider": "provider[\"registry.terraform.io/hashicorp/aws\"]",
      "instances": [
        {
          "schema_version": 1,
          "attributes": {
            "arn": "arn:aws:ec2:ap-southeast-1:506635010612:vpc/vpc-0b4b7911ab1441b71",
            "assign_generated_ipv6_cidr_block": false,
            "cidr_block": "172.16.0.0/16",
            "default_network_acl_id": "acl-0bd0b9c0890832cf7",
            "default_route_table_id": "rtb-0025152e4da81d5ac",
            "default_security_group_id": "sg-0e4c707b792fb8f97",
            "dhcp_options_id": "dopt-66b2ac01",
            "enable_classiclink": false,
            "enable_classiclink_dns_support": false,
            "enable_dns_hostnames": true,
            "enable_dns_support": true,
            "id": "vpc-0b4b7911ab1441b71",
            "instance_tenancy": "default",
            "ipv6_association_id": "",
            "ipv6_cidr_block": "",
            "main_route_table_id": "rtb-0025152e4da81d5ac",
            "owner_id": "506635010612",
            "tags": null,
            "tags_all": {}
          },
          "sensitive_attributes": [],
          "private": "eyJzY2hlbWFfdmVyc2lvbiI6IjEifQ=="
        }
      ]
    }
  ]
}
